<?xml version="1.0" encoding="utf-8"?>
<Project ToolsVersion="4.0" xmlns="http://schemas.microsoft.com/developer/msbuild/2003">
  <ItemGroup>
    <Filter Include="Paradigm">
      <UniqueIdentifier>{4AD8168C-36A5-7197-5FBE-5F3F4BEAA625}</UniqueIdentifier>
    </Filter>
    <Filter Include="Paradigm\Events">
      <UniqueIdentifier>{EE0C71F9-5A98-DEBD-63A9-61B2CFB33ABE}</UniqueIdentifier>
    </Filter>
  </ItemGroup>
  <ItemGroup>
    <ClInclude Include="src\Paradigm.h" />
    <ClInclude Include="src\Paradigm\Application.h">
      <Filter>Paradigm</Filter>
    </ClInclude>
    <ClInclude Include="src\Paradigm\Core.h">
      <Filter>Paradigm</Filter>
    </ClInclude>
    <ClInclude Include="src\Paradigm\EntryPoint.h">
      <Filter>Paradigm</Filter>
    </ClInclude>
    <ClInclude Include="src\Paradigm\Events\ApplicationEvent.h">
      <Filter>Paradigm\Events</Filter>
    </ClInclude>
    <ClInclude Include="src\Paradigm\Events\Event.h">
      <Filter>Paradigm\Events</Filter>
    </ClInclude>
    <ClInclude Include="src\Paradigm\Events\KeyEvent.h">
      <Filter>Paradigm\Events</Filter>
    </ClInclude>
    <ClInclude Include="src\Paradigm\Events\MouseEvent.h">
      <Filter>Paradigm\Events</Filter>
    </ClInclude>
    <ClInclude Include="src\Paradigm\Log.h">
      <Filter>Paradigm</Filter>
    </ClInclude>
  </ItemGroup>
  <ItemGroup>
    <ClCompile Include="src\Paradigm\Application.cpp">
      <Filter>Paradigm</Filter>
    </ClCompile>
    <ClCompile Include="src\Paradigm\Log.cpp">
      <Filter>Paradigm</Filter>
    </ClCompile>
  </ItemGroup>
</Project>